
Microsoft Visual Studio Solution File, Format Version 12.00
# Visual Studio Version 17
VisualStudioVersion = 17.9.34728.123
MinimumVisualStudioVersion = 10.0.40219.1
Project("{9A19103F-16F7-4668-BE54-9A1E7A4F7556}") = "TaskManager", "TaskManager\TaskManager.csproj", "{A2BE16C0-FAD1-49BA-93ED-F0F23C029AF4}"
EndProject
Project("{FAE04EC0-301F-11D3-BF4B-00C04F79EFBC}") = "TaskManager.Tests", "TaskManager.Tests\TaskManager.Tests.csproj", "{65F3EBDC-B02D-48DC-BD2E-CBD8BA0D3753}"
EndProject
Global
	GlobalSection(SolutionConfigurationPlatforms) = preSolution
		Debug|Any CPU = Debug|Any CPU
		Release|Any CPU = Release|Any CPU
	EndGlobalSection
	GlobalSection(ProjectConfigurationPlatforms) = postSolution
		{A2BE16C0-FAD1-49BA-93ED-F0F23C029AF4}.Debug|Any CPU.ActiveCfg = Debug|Any CPU
		{A2BE16C0-FAD1-49BA-93ED-F0F23C029AF4}.Debug|Any CPU.Build.0 = Debug|Any CPU
		{A2BE16C0-FAD1-49BA-93ED-F0F23C029AF4}.Release|Any CPU.ActiveCfg = Release|Any CPU
		{A2BE16C0-FAD1-49BA-93ED-F0F23C029AF4}.Release|Any CPU.Build.0 = Release|Any CPU
		{65F3EBDC-B02D-48DC-BD2E-CBD8BA0D3753}.Debug|Any CPU.ActiveCfg = Debug|Any CPU
		{65F3EBDC-B02D-48DC-BD2E-CBD8BA0D3753}.Debug|Any CPU.Build.0 = Debug|Any CPU
		{65F3EBDC-B02D-48DC-BD2E-CBD8BA0D3753}.Release|Any CPU.ActiveCfg = Release|Any CPU
		{65F3EBDC-B02D-48DC-BD2E-CBD8BA0D3753}.Release|Any CPU.Build.0 = Release|Any CPU
	EndGlobalSection
	GlobalSection(SolutionProperties) = preSolution
		HideSolutionNode = FALSE
	EndGlobalSection
	GlobalSection(ExtensibilityGlobals) = postSolution
		SolutionGuid = {F61E70C2-B28A-42B9-8692-EA45E5D52EAA}
	EndGlobalSection
EndGlobal
